// !$*UTF8*$!
{
	archiveVersion = 1;
	classes = {
	};
	objectVersion = 45;
	objects = {

/* Begin PBXBuildFile section */
		1D3623260D0F684500981E51 /* tBeatAppDelegate.m in Sources */ = {isa = PBXBuildFile; fileRef = 1D3623250D0F684500981E51 /* tBeatAppDelegate.m */; };
		1D60589B0D05DD56006BFB54 /* main.m in Sources */ = {isa = PBXBuildFile; fileRef = 29B97316FDCFA39411CA2CEA /* main.m */; };
		1D60589F0D05DD5A006BFB54 /* Foundation.framework in Frameworks */ = {isa = PBXBuildFile; fileRef = 1D30AB110D05D00D00671497 /* Foundation.framework */; };
		1DF5F4E00D08C38300B7A737 /* UIKit.framework in Frameworks */ = {isa = PBXBuildFile; fileRef = 1DF5F4DF0D08C38300B7A737 /* UIKit.framework */; };
		288765A50DF7441C002DB57D /* CoreGraphics.framework in Frameworks */ = {isa = PBXBuildFile; fileRef = 288765A40DF7441C002DB57D /* CoreGraphics.framework */; };
		2899E5220DE3E06400AC0155 /* tBeatViewController.xib in Resources */ = {isa = PBXBuildFile; fileRef = 2899E5210DE3E06400AC0155 /* tBeatViewController.xib */; };
		28AD733F0D9D9553002E5188 /* MainWindow.xib in Resources */ = {isa = PBXBuildFile; fileRef = 28AD733E0D9D9553002E5188 /* MainWindow.xib */; };
		28D7ACF80DDB3853001CB0EB /* tBeatViewController.m in Sources */ = {isa = PBXBuildFile; fileRef = 28D7ACF70DDB3853001CB0EB /* tBeatViewController.m */; };
		41619139131173B60043B172 /* libxml2.dylib in Frameworks */ = {isa = PBXBuildFile; fileRef = 41619138131173B60043B172 /* libxml2.dylib */; };
		41619178131174090043B172 /* jQueryInject.txt in Resources */ = {isa = PBXBuildFile; fileRef = 4161913E131174090043B172 /* jQueryInject.txt */; };
		41619179131174090043B172 /* jQueryInjectLandscape.txt in Resources */ = {isa = PBXBuildFile; fileRef = 4161913F131174090043B172 /* jQueryInjectLandscape.txt */; };
		4161917A131174090043B172 /* libOAuth.a in Frameworks */ = {isa = PBXBuildFile; fileRef = 41619140131174090043B172 /* libOAuth.a */; };
		4161917B131174090043B172 /* MGTwitterEngine.m in Sources */ = {isa = PBXBuildFile; fileRef = 41619153131174090043B172 /* MGTwitterEngine.m */; };
		4161917C131174090043B172 /* MGTwitterHTTPURLConnection.m in Sources */ = {isa = PBXBuildFile; fileRef = 41619157131174090043B172 /* MGTwitterHTTPURLConnection.m */; };
		4161917D131174090043B172 /* MGTwitterLibXMLParser.m in Sources */ = {isa = PBXBuildFile; fileRef = 41619159131174090043B172 /* MGTwitterLibXMLParser.m */; };
		4161917E131174090043B172 /* MGTwitterMessagesLibXMLParser.m in Sources */ = {isa = PBXBuildFile; fileRef = 4161915B131174090043B172 /* MGTwitterMessagesLibXMLParser.m */; };
		4161917F131174090043B172 /* MGTwitterMessagesParser.m in Sources */ = {isa = PBXBuildFile; fileRef = 4161915D131174090043B172 /* MGTwitterMessagesParser.m */; };
		41619180131174090043B172 /* MGTwitterMiscLibXMLParser.m in Sources */ = {isa = PBXBuildFile; fileRef = 4161915F131174090043B172 /* MGTwitterMiscLibXMLParser.m */; };
		41619181131174090043B172 /* MGTwitterMiscParser.m in Sources */ = {isa = PBXBuildFile; fileRef = 41619161131174090043B172 /* MGTwitterMiscParser.m */; };
		41619182131174090043B172 /* MGTwitterStatusesLibXMLParser.m in Sources */ = {isa = PBXBuildFile; fileRef = 41619165131174090043B172 /* MGTwitterStatusesLibXMLParser.m */; };
		41619183131174090043B172 /* MGTwitterStatusesParser.m in Sources */ = {isa = PBXBuildFile; fileRef = 41619167131174090043B172 /* MGTwitterStatusesParser.m */; };
		41619184131174090043B172 /* MGTwitterUsersLibXMLParser.m in Sources */ = {isa = PBXBuildFile; fileRef = 41619169131174090043B172 /* MGTwitterUsersLibXMLParser.m */; };
		41619185131174090043B172 /* MGTwitterUsersParser.m in Sources */ = {isa = PBXBuildFile; fileRef = 4161916B131174090043B172 /* MGTwitterUsersParser.m */; };
		41619186131174090043B172 /* MGTwitterXMLParser.m in Sources */ = {isa = PBXBuildFile; fileRef = 4161916D131174090043B172 /* MGTwitterXMLParser.m */; };
		41619187131174090043B172 /* NSData+Base64.m in Sources */ = {isa = PBXBuildFile; fileRef = 4161916F131174090043B172 /* NSData+Base64.m */; };
		41619188131174090043B172 /* NSString+UUID.m in Sources */ = {isa = PBXBuildFile; fileRef = 41619171131174090043B172 /* NSString+UUID.m */; };
		41619189131174090043B172 /* SA_OAuthTwitterController.m in Sources */ = {isa = PBXBuildFile; fileRef = 41619174131174090043B172 /* SA_OAuthTwitterController.m */; };
		4161918A131174090043B172 /* SA_OAuthTwitterEngine.m in Sources */ = {isa = PBXBuildFile; fileRef = 41619176131174090043B172 /* SA_OAuthTwitterEngine.m */; };
		4161918B131174090043B172 /* twitter_load.png in Resources */ = {isa = PBXBuildFile; fileRef = 41619177131174090043B172 /* twitter_load.png */; };
		41EE2A991311800600A54025 /* default.png in Resources */ = {isa = PBXBuildFile; fileRef = 41EE2A981311800600A54025 /* default.png */; };
		C384CD48131179DE00321AB6 /* MediaPlayer.framework in Frameworks */ = {isa = PBXBuildFile; fileRef = C384CD47131179DE00321AB6 /* MediaPlayer.framework */; };
/* End PBXBuildFile section */

/* Begin PBXFileReference section */
		1D30AB110D05D00D00671497 /* Foundation.framework */ = {isa = PBXFileReference; lastKnownFileType = wrapper.framework; name = Foundation.framework; path = System/Library/Frameworks/Foundation.framework; sourceTree = SDKROOT; };
		1D3623240D0F684500981E51 /* tBeatAppDelegate.h */ = {isa = PBXFileReference; fileEncoding = 4; lastKnownFileType = sourcecode.c.h; path = tBeatAppDelegate.h; sourceTree = "<group>"; };
		1D3623250D0F684500981E51 /* tBeatAppDelegate.m */ = {isa = PBXFileReference; fileEncoding = 4; lastKnownFileType = sourcecode.c.objc; path = tBeatAppDelegate.m; sourceTree = "<group>"; };
		1D6058910D05DD3D006BFB54 /* tBeat.app */ = {isa = PBXFileReference; explicitFileType = wrapper.application; includeInIndex = 0; path = tBeat.app; sourceTree = BUILT_PRODUCTS_DIR; };
		1DF5F4DF0D08C38300B7A737 /* UIKit.framework */ = {isa = PBXFileReference; lastKnownFileType = wrapper.framework; name = UIKit.framework; path = System/Library/Frameworks/UIKit.framework; sourceTree = SDKROOT; };
		288765A40DF7441C002DB57D /* CoreGraphics.framework */ = {isa = PBXFileReference; lastKnownFileType = wrapper.framework; name = CoreGraphics.framework; path = System/Library/Frameworks/CoreGraphics.framework; sourceTree = SDKROOT; };
		2899E5210DE3E06400AC0155 /* tBeatViewController.xib */ = {isa = PBXFileReference; lastKnownFileType = file.xib; path = tBeatViewController.xib; sourceTree = "<group>"; };
		28AD733E0D9D9553002E5188 /* MainWindow.xib */ = {isa = PBXFileReference; lastKnownFileType = file.xib; path = MainWindow.xib; sourceTree = "<group>"; };
		28D7ACF60DDB3853001CB0EB /* tBeatViewController.h */ = {isa = PBXFileReference; fileEncoding = 4; lastKnownFileType = sourcecode.c.h; path = tBeatViewController.h; sourceTree = "<group>"; };
		28D7ACF70DDB3853001CB0EB /* tBeatViewController.m */ = {isa = PBXFileReference; fileEncoding = 4; lastKnownFileType = sourcecode.c.objc; path = tBeatViewController.m; sourceTree = "<group>"; };
		29B97316FDCFA39411CA2CEA /* main.m */ = {isa = PBXFileReference; fileEncoding = 4; lastKnownFileType = sourcecode.c.objc; path = main.m; sourceTree = "<group>"; };
		32CA4F630368D1EE00C91783 /* tBeat_Prefix.pch */ = {isa = PBXFileReference; fileEncoding = 4; lastKnownFileType = sourcecode.c.h; path = tBeat_Prefix.pch; sourceTree = "<group>"; };
		41619138131173B60043B172 /* libxml2.dylib */ = {isa = PBXFileReference; lastKnownFileType = "compiled.mach-o.dylib"; name = libxml2.dylib; path = usr/lib/libxml2.dylib; sourceTree = SDKROOT; };
		4161913E131174090043B172 /* jQueryInject.txt */ = {isa = PBXFileReference; fileEncoding = 4; lastKnownFileType = text; path = jQueryInject.txt; sourceTree = "<group>"; };
		4161913F131174090043B172 /* jQueryInjectLandscape.txt */ = {isa = PBXFileReference; fileEncoding = 4; lastKnownFileType = text; path = jQueryInjectLandscape.txt; sourceTree = "<group>"; };
		41619140131174090043B172 /* libOAuth.a */ = {isa = PBXFileReference; lastKnownFileType = archive.ar; path = libOAuth.a; sourceTree = "<group>"; };
		41619142131174090043B172 /* NSMutableURLRequest+Parameters.h */ = {isa = PBXFileReference; fileEncoding = 4; lastKnownFileType = sourcecode.c.h; path = "NSMutableURLRequest+Parameters.h"; sourceTree = "<group>"; };
		41619143131174090043B172 /* NSString+URLEncoding.h */ = {isa = PBXFileReference; fileEncoding = 4; lastKnownFileType = sourcecode.c.h; path = "NSString+URLEncoding.h"; sourceTree = "<group>"; };
		41619144131174090043B172 /* NSURL+Base.h */ = {isa = PBXFileReference; fileEncoding = 4; lastKnownFileType = sourcecode.c.h; path = "NSURL+Base.h"; sourceTree = "<group>"; };
		41619145131174090043B172 /* OAAsynchronousDataFetcher.h */ = {isa = PBXFileReference; fileEncoding = 4; lastKnownFileType = sourcecode.c.h; path = OAAsynchronousDataFetcher.h; sourceTree = "<group>"; };
		41619146131174090043B172 /* OAConsumer.h */ = {isa = PBXFileReference; fileEncoding = 4; lastKnownFileType = sourcecode.c.h; path = OAConsumer.h; sourceTree = "<group>"; };
		41619147131174090043B172 /* OADataFetcher.h */ = {isa = PBXFileReference; fileEncoding = 4; lastKnownFileType = sourcecode.c.h; path = OADataFetcher.h; sourceTree = "<group>"; };
		41619148131174090043B172 /* OAHMAC_SHA1SignatureProvider.h */ = {isa = PBXFileReference; fileEncoding = 4; lastKnownFileType = sourcecode.c.h; path = OAHMAC_SHA1SignatureProvider.h; sourceTree = "<group>"; };
		41619149131174090043B172 /* OAMutableURLRequest.h */ = {isa = PBXFileReference; fileEncoding = 4; lastKnownFileType = sourcecode.c.h; path = OAMutableURLRequest.h; sourceTree = "<group>"; };
		4161914A131174090043B172 /* OAPlaintextSignatureProvider.h */ = {isa = PBXFileReference; fileEncoding = 4; lastKnownFileType = sourcecode.c.h; path = OAPlaintextSignatureProvider.h; sourceTree = "<group>"; };
		4161914B131174090043B172 /* OARequestParameter.h */ = {isa = PBXFileReference; fileEncoding = 4; lastKnownFileType = sourcecode.c.h; path = OARequestParameter.h; sourceTree = "<group>"; };
		4161914C131174090043B172 /* OAServiceTicket.h */ = {isa = PBXFileReference; fileEncoding = 4; lastKnownFileType = sourcecode.c.h; path = OAServiceTicket.h; sourceTree = "<group>"; };
		4161914D131174090043B172 /* OASignatureProviding.h */ = {isa = PBXFileReference; fileEncoding = 4; lastKnownFileType = sourcecode.c.h; path = OASignatureProviding.h; sourceTree = "<group>"; };
		4161914E131174090043B172 /* OAToken.h */ = {isa = PBXFileReference; fileEncoding = 4; lastKnownFileType = sourcecode.c.h; path = OAToken.h; sourceTree = "<group>"; };
		4161914F131174090043B172 /* OAToken_KeychainExtensions.h */ = {isa = PBXFileReference; fileEncoding = 4; lastKnownFileType = sourcecode.c.h; path = OAToken_KeychainExtensions.h; sourceTree = "<group>"; };
		41619150131174090043B172 /* OAuthConsumer.h */ = {isa = PBXFileReference; fileEncoding = 4; lastKnownFileType = sourcecode.c.h; path = OAuthConsumer.h; sourceTree = "<group>"; };
		41619152131174090043B172 /* MGTwitterEngine.h */ = {isa = PBXFileReference; fileEncoding = 4; lastKnownFileType = sourcecode.c.h; path = MGTwitterEngine.h; sourceTree = "<group>"; };
		41619153131174090043B172 /* MGTwitterEngine.m */ = {isa = PBXFileReference; fileEncoding = 4; lastKnownFileType = sourcecode.c.objc; path = MGTwitterEngine.m; sourceTree = "<group>"; };
		41619154131174090043B172 /* MGTwitterEngineDelegate.h */ = {isa = PBXFileReference; fileEncoding = 4; lastKnownFileType = sourcecode.c.h; path = MGTwitterEngineDelegate.h; sourceTree = "<group>"; };
		41619155131174090043B172 /* MGTwitterEngineGlobalHeader.h */ = {isa = PBXFileReference; fileEncoding = 4; lastKnownFileType = sourcecode.c.h; path = MGTwitterEngineGlobalHeader.h; sourceTree = "<group>"; };
		41619156131174090043B172 /* MGTwitterHTTPURLConnection.h */ = {isa = PBXFileReference; fileEncoding = 4; lastKnownFileType = sourcecode.c.h; path = MGTwitterHTTPURLConnection.h; sourceTree = "<group>"; };
		41619157131174090043B172 /* MGTwitterHTTPURLConnection.m */ = {isa = PBXFileReference; fileEncoding = 4; lastKnownFileType = sourcecode.c.objc; path = MGTwitterHTTPURLConnection.m; sourceTree = "<group>"; };
		41619158131174090043B172 /* MGTwitterLibXMLParser.h */ = {isa = PBXFileReference; fileEncoding = 4; lastKnownFileType = sourcecode.c.h; path = MGTwitterLibXMLParser.h; sourceTree = "<group>"; };
		41619159131174090043B172 /* MGTwitterLibXMLParser.m */ = {isa = PBXFileReference; fileEncoding = 4; lastKnownFileType = sourcecode.c.objc; path = MGTwitterLibXMLParser.m; sourceTree = "<group>"; };
		4161915A131174090043B172 /* MGTwitterMessagesLibXMLParser.h */ = {isa = PBXFileReference; fileEncoding = 4; lastKnownFileType = sourcecode.c.h; path = MGTwitterMessagesLibXMLParser.h; sourceTree = "<group>"; };
		4161915B131174090043B172 /* MGTwitterMessagesLibXMLParser.m */ = {isa = PBXFileReference; fileEncoding = 4; lastKnownFileType = sourcecode.c.objc; path = MGTwitterMessagesLibXMLParser.m; sourceTree = "<group>"; };
		4161915C131174090043B172 /* MGTwitterMessagesParser.h */ = {isa = PBXFileReference; fileEncoding = 4; lastKnownFileType = sourcecode.c.h; path = MGTwitterMessagesParser.h; sourceTree = "<group>"; };
		4161915D131174090043B172 /* MGTwitterMessagesParser.m */ = {isa = PBXFileReference; fileEncoding = 4; lastKnownFileType = sourcecode.c.objc; path = MGTwitterMessagesParser.m; sourceTree = "<group>"; };
		4161915E131174090043B172 /* MGTwitterMiscLibXMLParser.h */ = {isa = PBXFileReference; fileEncoding = 4; lastKnownFileType = sourcecode.c.h; path = MGTwitterMiscLibXMLParser.h; sourceTree = "<group>"; };
		4161915F131174090043B172 /* MGTwitterMiscLibXMLParser.m */ = {isa = PBXFileReference; fileEncoding = 4; lastKnownFileType = sourcecode.c.objc; path = MGTwitterMiscLibXMLParser.m; sourceTree = "<group>"; };
		41619160131174090043B172 /* MGTwitterMiscParser.h */ = {isa = PBXFileReference; fileEncoding = 4; lastKnownFileType = sourcecode.c.h; path = MGTwitterMiscParser.h; sourceTree = "<group>"; };
		41619161131174090043B172 /* MGTwitterMiscParser.m */ = {isa = PBXFileReference; fileEncoding = 4; lastKnownFileType = sourcecode.c.objc; path = MGTwitterMiscParser.m; sourceTree = "<group>"; };
		41619162131174090043B172 /* MGTwitterParserDelegate.h */ = {isa = PBXFileReference; fileEncoding = 4; lastKnownFileType = sourcecode.c.h; path = MGTwitterParserDelegate.h; sourceTree = "<group>"; };
		41619163131174090043B172 /* MGTwitterRequestTypes.h */ = {isa = PBXFileReference; fileEncoding = 4; lastKnownFileType = sourcecode.c.h; path = MGTwitterRequestTypes.h; sourceTree = "<group>"; };
		41619164131174090043B172 /* MGTwitterStatusesLibXMLParser.h */ = {isa = PBXFileReference; fileEncoding = 4; lastKnownFileType = sourcecode.c.h; path = MGTwitterStatusesLibXMLParser.h; sourceTree = "<group>"; };
		41619165131174090043B172 /* MGTwitterStatusesLibXMLParser.m */ = {isa = PBXFileReference; fileEncoding = 4; lastKnownFileType = sourcecode.c.objc; path = MGTwitterStatusesLibXMLParser.m; sourceTree = "<group>"; };
		41619166131174090043B172 /* MGTwitterStatusesParser.h */ = {isa = PBXFileReference; fileEncoding = 4; lastKnownFileType = sourcecode.c.h; path = MGTwitterStatusesParser.h; sourceTree = "<group>"; };
		41619167131174090043B172 /* MGTwitterStatusesParser.m */ = {isa = PBXFileReference; fileEncoding = 4; lastKnownFileType = sourcecode.c.objc; path = MGTwitterStatusesParser.m; sourceTree = "<group>"; };
		41619168131174090043B172 /* MGTwitterUsersLibXMLParser.h */ = {isa = PBXFileReference; fileEncoding = 4; lastKnownFileType = sourcecode.c.h; path = MGTwitterUsersLibXMLParser.h; sourceTree = "<group>"; };
		41619169131174090043B172 /* MGTwitterUsersLibXMLParser.m */ = {isa = PBXFileReference; fileEncoding = 4; lastKnownFileType = sourcecode.c.objc; path = MGTwitterUsersLibXMLParser.m; sourceTree = "<group>"; };
		4161916A131174090043B172 /* MGTwitterUsersParser.h */ = {isa = PBXFileReference; fileEncoding = 4; lastKnownFileType = sourcecode.c.h; path = MGTwitterUsersParser.h; sourceTree = "<group>"; };
		4161916B131174090043B172 /* MGTwitterUsersParser.m */ = {isa = PBXFileReference; fileEncoding = 4; lastKnownFileType = sourcecode.c.objc; path = MGTwitterUsersParser.m; sourceTree = "<group>"; };
		4161916C131174090043B172 /* MGTwitterXMLParser.h */ = {isa = PBXFileReference; fileEncoding = 4; lastKnownFileType = sourcecode.c.h; path = MGTwitterXMLParser.h; sourceTree = "<group>"; };
		4161916D131174090043B172 /* MGTwitterXMLParser.m */ = {isa = PBXFileReference; fileEncoding = 4; lastKnownFileType = sourcecode.c.objc; path = MGTwitterXMLParser.m; sourceTree = "<group>"; };
		4161916E131174090043B172 /* NSData+Base64.h */ = {isa = PBXFileReference; fileEncoding = 4; lastKnownFileType = sourcecode.c.h; path = "NSData+Base64.h"; sourceTree = "<group>"; };
		4161916F131174090043B172 /* NSData+Base64.m */ = {isa = PBXFileReference; fileEncoding = 4; lastKnownFileType = sourcecode.c.objc; path = "NSData+Base64.m"; sourceTree = "<group>"; };
		41619170131174090043B172 /* NSString+UUID.h */ = {isa = PBXFileReference; fileEncoding = 4; lastKnownFileType = sourcecode.c.h; path = "NSString+UUID.h"; sourceTree = "<group>"; };
		41619171131174090043B172 /* NSString+UUID.m */ = {isa = PBXFileReference; fileEncoding = 4; lastKnownFileType = sourcecode.c.objc; path = "NSString+UUID.m"; sourceTree = "<group>"; };
		41619173131174090043B172 /* SA_OAuthTwitterController.h */ = {isa = PBXFileReference; fileEncoding = 4; lastKnownFileType = sourcecode.c.h; path = SA_OAuthTwitterController.h; sourceTree = "<group>"; };
		41619174131174090043B172 /* SA_OAuthTwitterController.m */ = {isa = PBXFileReference; fileEncoding = 4; lastKnownFileType = sourcecode.c.objc; path = SA_OAuthTwitterController.m; sourceTree = "<group>"; };
		41619175131174090043B172 /* SA_OAuthTwitterEngine.h */ = {isa = PBXFileReference; fileEncoding = 4; lastKnownFileType = sourcecode.c.h; path = SA_OAuthTwitterEngine.h; sourceTree = "<group>"; };
		41619176131174090043B172 /* SA_OAuthTwitterEngine.m */ = {isa = PBXFileReference; fileEncoding = 4; lastKnownFileType = sourcecode.c.objc; path = SA_OAuthTwitterEngine.m; sourceTree = "<group>"; };
		41619177131174090043B172 /* twitter_load.png */ = {isa = PBXFileReference; lastKnownFileType = image.png; path = twitter_load.png; sourceTree = "<group>"; };
		41EE2A981311800600A54025 /* default.png */ = {isa = PBXFileReference; lastKnownFileType = image.png; path = default.png; sourceTree = "<group>"; };
		8D1107310486CEB800E47090 /* tBeat-Info.plist */ = {isa = PBXFileReference; fileEncoding = 4; lastKnownFileType = text.plist.xml; path = "tBeat-Info.plist"; plistStructureDefinitionIdentifier = "com.apple.xcode.plist.structure-definition.iphone.info-plist"; sourceTree = "<group>"; };
		C384CD47131179DE00321AB6 /* MediaPlayer.framework */ = {isa = PBXFileReference; lastKnownFileType = wrapper.framework; name = MediaPlayer.framework; path = System/Library/Frameworks/MediaPlayer.framework; sourceTree = SDKROOT; };
/* End PBXFileReference section */

/* Begin PBXFrameworksBuildPhase section */
		1D60588F0D05DD3D006BFB54 /* Frameworks */ = {
			isa = PBXFrameworksBuildPhase;
			buildActionMask = 2147483647;
			files = (
				1D60589F0D05DD5A006BFB54 /* Foundation.framework in Frameworks */,
				1DF5F4E00D08C38300B7A737 /* UIKit.framework in Frameworks */,
				288765A50DF7441C002DB57D /* CoreGraphics.framework in Frameworks */,
				41619139131173B60043B172 /* libxml2.dylib in Frameworks */,
				4161917A131174090043B172 /* libOAuth.a in Frameworks */,
				C384CD48131179DE00321AB6 /* MediaPlayer.framework in Frameworks */,
			);
			runOnlyForDeploymentPostprocessing = 0;
		};
/* End PBXFrameworksBuildPhase section */

/* Begin PBXGroup section */
		080E96DDFE201D6D7F000001 /* Classes */ = {
			isa = PBXGroup;
			children = (
				1D3623240D0F684500981E51 /* tBeatAppDelegate.h */,
				1D3623250D0F684500981E51 /* tBeatAppDelegate.m */,
				28D7ACF60DDB3853001CB0EB /* tBeatViewController.h */,
				28D7ACF70DDB3853001CB0EB /* tBeatViewController.m */,
			);
			path = Classes;
			sourceTree = "<group>";
		};
		19C28FACFE9D520D11CA2CBB /* Products */ = {
			isa = PBXGroup;
			children = (
				1D6058910D05DD3D006BFB54 /* tBeat.app */,
			);
			name = Products;
			sourceTree = "<group>";
		};
		29B97314FDCFA39411CA2CEA /* CustomTemplate */ = {
			isa = PBXGroup;
			children = (
				41EE2A981311800600A54025 /* default.png */,
				4161913C131174090043B172 /* Twitter+OAuth */,
				080E96DDFE201D6D7F000001 /* Classes */,
				29B97315FDCFA39411CA2CEA /* Other Sources */,
				29B97317FDCFA39411CA2CEA /* Resources */,
				29B97323FDCFA39411CA2CEA /* Frameworks */,
				19C28FACFE9D520D11CA2CBB /* Products */,
				41619138131173B60043B172 /* libxml2.dylib */,
			);
			name = CustomTemplate;
			sourceTree = "<group>";
		};
		29B97315FDCFA39411CA2CEA /* Other Sources */ = {
			isa = PBXGroup;
			children = (
				32CA4F630368D1EE00C91783 /* tBeat_Prefix.pch */,
				29B97316FDCFA39411CA2CEA /* main.m */,
			);
			name = "Other Sources";
			sourceTree = "<group>";
		};
		29B97317FDCFA39411CA2CEA /* Resources */ = {
			isa = PBXGroup;
			children = (
				2899E5210DE3E06400AC0155 /* tBeatViewController.xib */,
				28AD733E0D9D9553002E5188 /* MainWindow.xib */,
				8D1107310486CEB800E47090 /* tBeat-Info.plist */,
			);
			name = Resources;
			sourceTree = "<group>";
		};
		29B97323FDCFA39411CA2CEA /* Frameworks */ = {
			isa = PBXGroup;
			children = (
				1DF5F4DF0D08C38300B7A737 /* UIKit.framework */,
				1D30AB110D05D00D00671497 /* Foundation.framework */,
				288765A40DF7441C002DB57D /* CoreGraphics.framework */,
				C384CD47131179DE00321AB6 /* MediaPlayer.framework */,
			);
			name = Frameworks;
			sourceTree = "<group>";
		};
		4161913C131174090043B172 /* Twitter+OAuth */ = {
			isa = PBXGroup;
			children = (
				4161913D131174090043B172 /* Libraries & Headers */,
				41619151131174090043B172 /* MGTwitterEngine */,
				41619172131174090043B172 /* SAOAuthTwitterEngine */,
			);
			path = "Twitter+OAuth";
			sourceTree = "<group>";
		};
		4161913D131174090043B172 /* Libraries & Headers */ = {
			isa = PBXGroup;
			children = (
				4161913E131174090043B172 /* jQueryInject.txt */,
				4161913F131174090043B172 /* jQueryInjectLandscape.txt */,
				41619140131174090043B172 /* libOAuth.a */,
				41619141131174090043B172 /* OAuthConsumer */,
			);
			path = "Libraries & Headers";
			sourceTree = "<group>";
		};
		41619141131174090043B172 /* OAuthConsumer */ = {
			isa = PBXGroup;
			children = (
				41619142131174090043B172 /* NSMutableURLRequest+Parameters.h */,
				41619143131174090043B172 /* NSString+URLEncoding.h */,
				41619144131174090043B172 /* NSURL+Base.h */,
				41619145131174090043B172 /* OAAsynchronousDataFetcher.h */,
				41619146131174090043B172 /* OAConsumer.h */,
				41619147131174090043B172 /* OADataFetcher.h */,
				41619148131174090043B172 /* OAHMAC_SHA1SignatureProvider.h */,
				41619149131174090043B172 /* OAMutableURLRequest.h */,
				4161914A131174090043B172 /* OAPlaintextSignatureProvider.h */,
				4161914B131174090043B172 /* OARequestParameter.h */,
				4161914C131174090043B172 /* OAServiceTicket.h */,
				4161914D131174090043B172 /* OASignatureProviding.h */,
				4161914E131174090043B172 /* OAToken.h */,
				4161914F131174090043B172 /* OAToken_KeychainExtensions.h */,
				41619150131174090043B172 /* OAuthConsumer.h */,
			);
			path = OAuthConsumer;
			sourceTree = "<group>";
		};
		41619151131174090043B172 /* MGTwitterEngine */ = {
			isa = PBXGroup;
			children = (
				41619152131174090043B172 /* MGTwitterEngine.h */,
				41619153131174090043B172 /* MGTwitterEngine.m */,
				41619154131174090043B172 /* MGTwitterEngineDelegate.h */,
				41619155131174090043B172 /* MGTwitterEngineGlobalHeader.h */,
				41619156131174090043B172 /* MGTwitterHTTPURLConnection.h */,
				41619157131174090043B172 /* MGTwitterHTTPURLConnection.m */,
				41619158131174090043B172 /* MGTwitterLibXMLParser.h */,
				41619159131174090043B172 /* MGTwitterLibXMLParser.m */,
				4161915A131174090043B172 /* MGTwitterMessagesLibXMLParser.h */,
				4161915B131174090043B172 /* MGTwitterMessagesLibXMLParser.m */,
				4161915C131174090043B172 /* MGTwitterMessagesParser.h */,
				4161915D131174090043B172 /* MGTwitterMessagesParser.m */,
				4161915E131174090043B172 /* MGTwitterMiscLibXMLParser.h */,
				4161915F131174090043B172 /* MGTwitterMiscLibXMLParser.m */,
				41619160131174090043B172 /* MGTwitterMiscParser.h */,
				41619161131174090043B172 /* MGTwitterMiscParser.m */,
				41619162131174090043B172 /* MGTwitterParserDelegate.h */,
				41619163131174090043B172 /* MGTwitterRequestTypes.h */,
				41619164131174090043B172 /* MGTwitterStatusesLibXMLParser.h */,
				41619165131174090043B172 /* MGTwitterStatusesLibXMLParser.m */,
				41619166131174090043B172 /* MGTwitterStatusesParser.h */,
				41619167131174090043B172 /* MGTwitterStatusesParser.m */,
				41619168131174090043B172 /* MGTwitterUsersLibXMLParser.h */,
				41619169131174090043B172 /* MGTwitterUsersLibXMLParser.m */,
				4161916A131174090043B172 /* MGTwitterUsersParser.h */,
				4161916B131174090043B172 /* MGTwitterUsersParser.m */,
				4161916C131174090043B172 /* MGTwitterXMLParser.h */,
				4161916D131174090043B172 /* MGTwitterXMLParser.m */,
				4161916E131174090043B172 /* NSData+Base64.h */,
				4161916F131174090043B172 /* NSData+Base64.m */,
				41619170131174090043B172 /* NSString+UUID.h */,
				41619171131174090043B172 /* NSString+UUID.m */,
			);
			path = MGTwitterEngine;
			sourceTree = "<group>";
		};
		41619172131174090043B172 /* SAOAuthTwitterEngine */ = {
			isa = PBXGroup;
			children = (
				41619173131174090043B172 /* SA_OAuthTwitterController.h */,
				41619174131174090043B172 /* SA_OAuthTwitterController.m */,
				41619175131174090043B172 /* SA_OAuthTwitterEngine.h */,
				41619176131174090043B172 /* SA_OAuthTwitterEngine.m */,
				41619177131174090043B172 /* twitter_load.png */,
			);
			path = SAOAuthTwitterEngine;
			sourceTree = "<group>";
		};
/* End PBXGroup section */

/* Begin PBXNativeTarget section */
		1D6058900D05DD3D006BFB54 /* tBeat */ = {
			isa = PBXNativeTarget;
			buildConfigurationList = 1D6058960D05DD3E006BFB54 /* Build configuration list for PBXNativeTarget "tBeat" */;
			buildPhases = (
				1D60588D0D05DD3D006BFB54 /* Resources */,
				1D60588E0D05DD3D006BFB54 /* Sources */,
				1D60588F0D05DD3D006BFB54 /* Frameworks */,
			);
			buildRules = (
			);
			dependencies = (
			);
			name = tBeat;
			productName = tBeat;
			productReference = 1D6058910D05DD3D006BFB54 /* tBeat.app */;
			productType = "com.apple.product-type.application";
		};
/* End PBXNativeTarget section */

/* Begin PBXProject section */
		29B97313FDCFA39411CA2CEA /* Project object */ = {
			isa = PBXProject;
			buildConfigurationList = C01FCF4E08A954540054247B /* Build configuration list for PBXProject "tBeat" */;
			compatibilityVersion = "Xcode 3.1";
			developmentRegion = English;
			hasScannedForEncodings = 1;
			knownRegions = (
				English,
				Japanese,
				French,
				German,
			);
			mainGroup = 29B97314FDCFA39411CA2CEA /* CustomTemplate */;
			projectDirPath = "";
			projectRoot = "";
			targets = (
				1D6058900D05DD3D006BFB54 /* tBeat */,
			);
		};
/* End PBXProject section */

/* Begin PBXResourcesBuildPhase section */
		1D60588D0D05DD3D006BFB54 /* Resources */ = {
			isa = PBXResourcesBuildPhase;
			buildActionMask = 2147483647;
			files = (
				28AD733F0D9D9553002E5188 /* MainWindow.xib in Resources */,
				2899E5220DE3E06400AC0155 /* tBeatViewController.xib in Resources */,
				41619178131174090043B172 /* jQueryInject.txt in Resources */,
				41619179131174090043B172 /* jQueryInjectLandscape.txt in Resources */,
				4161918B131174090043B172 /* twitter_load.png in Resources */,
				41EE2A991311800600A54025 /* default.png in Resources */,
			);
			runOnlyForDeploymentPostprocessing = 0;
		};
/* End PBXResourcesBuildPhase section */

/* Begin PBXSourcesBuildPhase section */
		1D60588E0D05DD3D006BFB54 /* Sources */ = {
			isa = PBXSourcesBuildPhase;
			buildActionMask = 2147483647;
			files = (
				1D60589B0D05DD56006BFB54 /* main.m in Sources */,
				1D3623260D0F684500981E51 /* tBeatAppDelegate.m in Sources */,
				28D7ACF80DDB3853001CB0EB /* tBeatViewController.m in Sources */,
				4161917B131174090043B172 /* MGTwitterEngine.m in Sources */,
				4161917C131174090043B172 /* MGTwitterHTTPURLConnection.m in Sources */,
				4161917D131174090043B172 /* MGTwitterLibXMLParser.m in Sources */,
				4161917E131174090043B172 /* MGTwitterMessagesLibXMLParser.m in Sources */,
				4161917F131174090043B172 /* MGTwitterMessagesParser.m in Sources */,
				41619180131174090043B172 /* MGTwitterMiscLibXMLParser.m in Sources */,
				41619181131174090043B172 /* MGTwitterMiscParser.m in Sources */,
				41619182131174090043B172 /* MGTwitterStatusesLibXMLParser.m in Sources */,
				41619183131174090043B172 /* MGTwitterStatusesParser.m in Sources */,
				41619184131174090043B172 /* MGTwitterUsersLibXMLParser.m in Sources */,
				41619185131174090043B172 /* MGTwitterUsersParser.m in Sources */,
				41619186131174090043B172 /* MGTwitterXMLParser.m in Sources */,
				41619187131174090043B172 /* NSData+Base64.m in Sources */,
				41619188131174090043B172 /* NSString+UUID.m in Sources */,
				41619189131174090043B172 /* SA_OAuthTwitterController.m in Sources */,
				4161918A131174090043B172 /* SA_OAuthTwitterEngine.m in Sources */,
			);
			runOnlyForDeploymentPostprocessing = 0;
		};
/* End PBXSourcesBuildPhase section */

/* Begin XCBuildConfiguration section */
		1D6058940D05DD3E006BFB54 /* Debug */ = {
			isa = XCBuildConfiguration;
			buildSettings = {
				ALWAYS_SEARCH_USER_PATHS = NO;
				COPY_PHASE_STRIP = NO;
				GCC_DYNAMIC_NO_PIC = NO;
				GCC_OPTIMIZATION_LEVEL = 0;
				GCC_PRECOMPILE_PREFIX_HEADER = YES;
				GCC_PREFIX_HEADER = tBeat_Prefix.pch;
				HEADER_SEARCH_PATHS = "$(SDKROOT)/usr/include/libxml2/**";
				INFOPLIST_FILE = "tBeat-Info.plist";
				LIBRARY_SEARCH_PATHS = (
					"$(inherited)",
					"\"$(SRCROOT)/Twitter+OAuth/Libraries & Headers\"",
				);
				PRODUCT_NAME = tBeat;
			};
			name = Debug;
		};
		1D6058950D05DD3E006BFB54 /* Release */ = {
			isa = XCBuildConfiguration;
			buildSettings = {
				ALWAYS_SEARCH_USER_PATHS = NO;
				COPY_PHASE_STRIP = YES;
				GCC_PRECOMPILE_PREFIX_HEADER = YES;
				GCC_PREFIX_HEADER = tBeat_Prefix.pch;
				HEADER_SEARCH_PATHS = "$(SDKROOT)/usr/include/libxml2/**";
				INFOPLIST_FILE = "tBeat-Info.plist";
				LIBRARY_SEARCH_PATHS = (
					"$(inherited)",
					"\"$(SRCROOT)/Twitter+OAuth/Libraries & Headers\"",
				);
				PRODUCT_NAME = tBeat;
				VALIDATE_PRODUCT = YES;
			};
			name = Release;
		};
		C01FCF4F08A954540054247B /* Debug */ = {
			isa = XCBuildConfiguration;
			buildSettings = {
				ARCHS = "$(ARCHS_STANDARD_32_BIT)";
				"CODE_SIGN_IDENTITY[sdk=iphoneos*]" = "iPhone Developer";
				GCC_C_LANGUAGE_STANDARD = c99;
				GCC_WARN_ABOUT_RETURN_TYPE = YES;
				GCC_WARN_UNUSED_VARIABLE = YES;
				PREBINDING = NO;
				SDKROOT = iphoneos;
			};
			name = Debug;
		};
		C01FCF5008A954540054247B /* Release */ = {
			isa = XCBuildConfiguration;
			buildSettings = {
				ARCHS = "$(ARCHS_STANDARD_32_BIT)";
				"CODE_SIGN_IDENTITY[sdk=iphoneos*]" = "iPhone Developer";
				GCC_C_LANGUAGE_STANDARD = c99;
				GCC_WARN_ABOUT_RETURN_TYPE = YES;
				GCC_WARN_UNUSED_VARIABLE = YES;
				OTHER_CFLAGS = "-DNS_BLOCK_ASSERTIONS=1";
				PREBINDING = NO;
				SDKROOT = iphoneos;
			};
			name = Release;
		};
/* End XCBuildConfiguration section */

/* Begin XCConfigurationList section */
		1D6058960D05DD3E006BFB54 /* Build configuration list for PBXNativeTarget "tBeat" */ = {
			isa = XCConfigurationList;
			buildConfigurations = (
				1D6058940D05DD3E006BFB54 /* Debug */,
				1D6058950D05DD3E006BFB54 /* Release */,
			);
			defaultConfigurationIsVisible = 0;
			defaultConfigurationName = Release;
		};
		C01FCF4E08A954540054247B /* Build configuration list for PBXProject "tBeat" */ = {
			isa = XCConfigurationList;
			buildConfigurations = (
				C01FCF4F08A954540054247B /* Debug */,
				C01FCF5008A954540054247B /* Release */,
			);
			defaultConfigurationIsVisible = 0;
			defaultConfigurationName = Release;
		};
/* End XCConfigurationList section */
	};
	rootObject = 29B97313FDCFA39411CA2CEA /* Project object */;
}
